// !$*UTF8*$!
{
	archiveVersion = 1;
	classes = {
	};
	objectVersion = 50;
	objects = {

/* Begin PBXBuildFile section */
		5664860824FFF80A00BFFBF8 /* AppDelegate.swift in Sources */ = {isa = PBXBuildFile; fileRef = 5664860724FFF80A00BFFBF8 /* AppDelegate.swift */; };
		5664860A24FFF80A00BFFBF8 /* SceneDelegate.swift in Sources */ = {isa = PBXBuildFile; fileRef = 5664860924FFF80A00BFFBF8 /* SceneDelegate.swift */; };
		5664860C24FFF80A00BFFBF8 /* ViewController.swift in Sources */ = {isa = PBXBuildFile; fileRef = 5664860B24FFF80A00BFFBF8 /* ViewController.swift */; };
		5664860F24FFF80A00BFFBF8 /* Main.storyboard in Resources */ = {isa = PBXBuildFile; fileRef = 5664860D24FFF80A00BFFBF8 /* Main.storyboard */; };
		5664861124FFF82000BFFBF8 /* Assets.xcassets in Resources */ = {isa = PBXBuildFile; fileRef = 5664861024FFF82000BFFBF8 /* Assets.xcassets */; };
		5664861424FFF82000BFFBF8 /* LaunchScreen.storyboard in Resources */ = {isa = PBXBuildFile; fileRef = 5664861224FFF82000BFFBF8 /* LaunchScreen.storyboard */; };
		5664861F24FFF82100BFFBF8 /* PasswordHackerTests.swift in Sources */ = {isa = PBXBuildFile; fileRef = 5664861E24FFF82100BFFBF8 /* PasswordHackerTests.swift */; };
		5664862A24FFF82100BFFBF8 /* PasswordHackerUITests.swift in Sources */ = {isa = PBXBuildFile; fileRef = 5664862924FFF82100BFFBF8 /* PasswordHackerUITests.swift */; };
/* End PBXBuildFile section */

/* Begin PBXContainerItemProxy section */
		5664861B24FFF82100BFFBF8 /* PBXContainerItemProxy */ = {
			isa = PBXContainerItemProxy;
			containerPortal = 566485FC24FFF80A00BFFBF8 /* Project object */;
			proxyType = 1;
			remoteGlobalIDString = 5664860324FFF80A00BFFBF8;
			remoteInfo = PasswordHacker;
		};
		5664862624FFF82100BFFBF8 /* PBXContainerItemProxy */ = {
			isa = PBXContainerItemProxy;
			containerPortal = 566485FC24FFF80A00BFFBF8 /* Project object */;
			proxyType = 1;
			remoteGlobalIDString = 5664860324FFF80A00BFFBF8;
			remoteInfo = PasswordHacker;
		};
/* End PBXContainerItemProxy section */

/* Begin PBXFileReference section */
		5664860424FFF80A00BFFBF8 /* PasswordHacker.app */ = {isa = PBXFileReference; explicitFileType = wrapper.application; includeInIndex = 0; path = PasswordHacker.app; sourceTree = BUILT_PRODUCTS_DIR; };
		5664860724FFF80A00BFFBF8 /* AppDelegate.swift */ = {isa = PBXFileReference; lastKnownFileType = sourcecode.swift; path = AppDelegate.swift; sourceTree = "<group>"; };
		5664860924FFF80A00BFFBF8 /* SceneDelegate.swift */ = {isa = PBXFileReference; lastKnownFileType = sourcecode.swift; path = SceneDelegate.swift; sourceTree = "<group>"; };
		5664860B24FFF80A00BFFBF8 /* ViewController.swift */ = {isa = PBXFileReference; lastKnownFileType = sourcecode.swift; path = ViewController.swift; sourceTree = "<group>"; };
		5664860E24FFF80A00BFFBF8 /* Base */ = {isa = PBXFileReference; lastKnownFileType = file.storyboard; name = Base; path = Base.lproj/Main.storyboard; sourceTree = "<group>"; };
		5664861024FFF82000BFFBF8 /* Assets.xcassets */ = {isa = PBXFileReference; lastKnownFileType = folder.assetcatalog; path = Assets.xcassets; sourceTree = "<group>"; };
		5664861324FFF82000BFFBF8 /* Base */ = {isa = PBXFileReference; lastKnownFileType = file.storyboard; name = Base; path = Base.lproj/LaunchScreen.storyboard; sourceTree = "<group>"; };
		5664861524FFF82100BFFBF8 /* Info.plist */ = {isa = PBXFileReference; lastKnownFileType = text.plist.xml; path = Info.plist; sourceTree = "<group>"; };
		5664861A24FFF82100BFFBF8 /* PasswordHackerTests.xctest */ = {isa = PBXFileReference; explicitFileType = wrapper.cfbundle; includeInIndex = 0; path = PasswordHackerTests.xctest; sourceTree = BUILT_PRODUCTS_DIR; };
		5664861E24FFF82100BFFBF8 /* PasswordHackerTests.swift */ = {isa = PBXFileReference; lastKnownFileType = sourcecode.swift; path = PasswordHackerTests.swift; sourceTree = "<group>"; };
		5664862024FFF82100BFFBF8 /* Info.plist */ = {isa = PBXFileReference; lastKnownFileType = text.plist.xml; path = Info.plist; sourceTree = "<group>"; };
		5664862524FFF82100BFFBF8 /* PasswordHackerUITests.xctest */ = {isa = PBXFileReference; explicitFileType = wrapper.cfbundle; includeInIndex = 0; path = PasswordHackerUITests.xctest; sourceTree = BUILT_PRODUCTS_DIR; };
		5664862924FFF82100BFFBF8 /* PasswordHackerUITests.swift */ = {isa = PBXFileReference; lastKnownFileType = sourcecode.swift; path = PasswordHackerUITests.swift; sourceTree = "<group>"; };
		5664862B24FFF82100BFFBF8 /* Info.plist */ = {isa = PBXFileReference; lastKnownFileType = text.plist.xml; path = Info.plist; sourceTree = "<group>"; };
/* End PBXFileReference section */

/* Begin PBXFrameworksBuildPhase section */
		5664860124FFF80A00BFFBF8 /* Frameworks */ = {
			isa = PBXFrameworksBuildPhase;
			buildActionMask = 2147483647;
			files = (
			);
			runOnlyForDeploymentPostprocessing = 0;
		};
		5664861724FFF82100BFFBF8 /* Frameworks */ = {
			isa = PBXFrameworksBuildPhase;
			buildActionMask = 2147483647;
			files = (
			);
			runOnlyForDeploymentPostprocessing = 0;
		};
		5664862224FFF82100BFFBF8 /* Frameworks */ = {
			isa = PBXFrameworksBuildPhase;
			buildActionMask = 2147483647;
			files = (
			);
			runOnlyForDeploymentPostprocessing = 0;
		};
/* End PBXFrameworksBuildPhase section */

/* Begin PBXGroup section */
		566485FB24FFF80A00BFFBF8 = {
			isa = PBXGroup;
			children = (
				5664860624FFF80A00BFFBF8 /* PasswordHacker */,
				5664861D24FFF82100BFFBF8 /* PasswordHackerTests */,
				5664862824FFF82100BFFBF8 /* PasswordHackerUITests */,
				5664860524FFF80A00BFFBF8 /* Products */,
			);
			sourceTree = "<group>";
		};
		5664860524FFF80A00BFFBF8 /* Products */ = {
			isa = PBXGroup;
			children = (
				5664860424FFF80A00BFFBF8 /* PasswordHacker.app */,
				5664861A24FFF82100BFFBF8 /* PasswordHackerTests.xctest */,
				5664862524FFF82100BFFBF8 /* PasswordHackerUITests.xctest */,
			);
			name = Products;
			sourceTree = "<group>";
		};
		5664860624FFF80A00BFFBF8 /* PasswordHacker */ = {
			isa = PBXGroup;
			children = (
				5664860724FFF80A00BFFBF8 /* AppDelegate.swift */,
				5664860924FFF80A00BFFBF8 /* SceneDelegate.swift */,
				5664860B24FFF80A00BFFBF8 /* ViewController.swift */,
				5664860D24FFF80A00BFFBF8 /* Main.storyboard */,
				5664861024FFF82000BFFBF8 /* Assets.xcassets */,
				5664861224FFF82000BFFBF8 /* LaunchScreen.storyboard */,
				5664861524FFF82100BFFBF8 /* Info.plist */,
			);
			path = PasswordHacker;
			sourceTree = "<group>";
		};
		5664861D24FFF82100BFFBF8 /* PasswordHackerTests */ = {
			isa = PBXGroup;
			children = (
				5664861E24FFF82100BFFBF8 /* PasswordHackerTests.swift */,
				5664862024FFF82100BFFBF8 /* Info.plist */,
			);
			path = PasswordHackerTests;
			sourceTree = "<group>";
		};
		5664862824FFF82100BFFBF8 /* PasswordHackerUITests */ = {
			isa = PBXGroup;
			children = (
				5664862924FFF82100BFFBF8 /* PasswordHackerUITests.swift */,
				5664862B24FFF82100BFFBF8 /* Info.plist */,
			);
			path = PasswordHackerUITests;
			sourceTree = "<group>";
		};
/* End PBXGroup section */

/* Begin PBXNativeTarget section */
		5664860324FFF80A00BFFBF8 /* PasswordHacker */ = {
			isa = PBXNativeTarget;
			buildConfigurationList = 5664862E24FFF82100BFFBF8 /* Build configuration list for PBXNativeTarget "PasswordHacker" */;
			buildPhases = (
				5664860024FFF80A00BFFBF8 /* Sources */,
				5664860124FFF80A00BFFBF8 /* Frameworks */,
				5664860224FFF80A00BFFBF8 /* Resources */,
			);
			buildRules = (
			);
			dependencies = (
			);
			name = PasswordHacker;
			productName = PasswordHacker;
			productReference = 5664860424FFF80A00BFFBF8 /* PasswordHacker.app */;
			productType = "com.apple.product-type.application";
		};
		5664861924FFF82100BFFBF8 /* PasswordHackerTests */ = {
			isa = PBXNativeTarget;
			buildConfigurationList = 5664863124FFF82100BFFBF8 /* Build configuration list for PBXNativeTarget "PasswordHackerTests" */;
			buildPhases = (
				5664861624FFF82100BFFBF8 /* Sources */,
				5664861724FFF82100BFFBF8 /* Frameworks */,
				5664861824FFF82100BFFBF8 /* Resources */,
			);
			buildRules = (
			);
			dependencies = (
				5664861C24FFF82100BFFBF8 /* PBXTargetDependency */,
			);
			name = PasswordHackerTests;
			productName = PasswordHackerTests;
			productReference = 5664861A24FFF82100BFFBF8 /* PasswordHackerTests.xctest */;
			productType = "com.apple.product-type.bundle.unit-test";
		};
		5664862424FFF82100BFFBF8 /* PasswordHackerUITests */ = {
			isa = PBXNativeTarget;
			buildConfigurationList = 5664863424FFF82100BFFBF8 /* Build configuration list for PBXNativeTarget "PasswordHackerUITests" */;
			buildPhases = (
				5664862124FFF82100BFFBF8 /* Sources */,
				5664862224FFF82100BFFBF8 /* Frameworks */,
				5664862324FFF82100BFFBF8 /* Resources */,
			);
			buildRules = (
			);
			dependencies = (
				5664862724FFF82100BFFBF8 /* PBXTargetDependency */,
			);
			name = PasswordHackerUITests;
			productName = PasswordHackerUITests;
			productReference = 5664862524FFF82100BFFBF8 /* PasswordHackerUITests.xctest */;
			productType = "com.apple.product-type.bundle.ui-testing";
		};
/* End PBXNativeTarget section */

/* Begin PBXProject section */
		566485FC24FFF80A00BFFBF8 /* Project object */ = {
			isa = PBXProject;
			attributes = {
				LastSwiftUpdateCheck = 1160;
				LastUpgradeCheck = 1160;
				ORGANIZATIONNAME = "小林玲衣奈";
				TargetAttributes = {
					5664860324FFF80A00BFFBF8 = {
						CreatedOnToolsVersion = 11.6;
					};
					5664861924FFF82100BFFBF8 = {
						CreatedOnToolsVersion = 11.6;
						TestTargetID = 5664860324FFF80A00BFFBF8;
					};
					5664862424FFF82100BFFBF8 = {
						CreatedOnToolsVersion = 11.6;
						TestTargetID = 5664860324FFF80A00BFFBF8;
					};
				};
			};
			buildConfigurationList = 566485FF24FFF80A00BFFBF8 /* Build configuration list for PBXProject "PasswordHacker" */;
			compatibilityVersion = "Xcode 9.3";
			developmentRegion = en;
			hasScannedForEncodings = 0;
			knownRegions = (
				en,
				Base,
			);
			mainGroup = 566485FB24FFF80A00BFFBF8;
			productRefGroup = 5664860524FFF80A00BFFBF8 /* Products */;
			projectDirPath = "";
			projectRoot = "";
			targets = (
				5664860324FFF80A00BFFBF8 /* PasswordHacker */,
				5664861924FFF82100BFFBF8 /* PasswordHackerTests */,
				5664862424FFF82100BFFBF8 /* PasswordHackerUITests */,
			);
		};
/* End PBXProject section */

/* Begin PBXResourcesBuildPhase section */
		5664860224FFF80A00BFFBF8 /* Resources */ = {
			isa = PBXResourcesBuildPhase;
			buildActionMask = 2147483647;
			files = (
				5664861424FFF82000BFFBF8 /* LaunchScreen.storyboard in Resources */,
				5664861124FFF82000BFFBF8 /* Assets.xcassets in Resources */,
				5664860F24FFF80A00BFFBF8 /* Main.storyboard in Resources */,
			);
			runOnlyForDeploymentPostprocessing = 0;
		};
		5664861824FFF82100BFFBF8 /* Resources */ = {
			isa = PBXResourcesBuildPhase;
			buildActionMask = 2147483647;
			files = (
			);
			runOnlyForDeploymentPostprocessing = 0;
		};
		5664862324FFF82100BFFBF8 /* Resources */ = {
			isa = PBXResourcesBuildPhase;
			buildActionMask = 2147483647;
			files = (
			);
			runOnlyForDeploymentPostprocessing = 0;
		};
/* End PBXResourcesBuildPhase section */

/* Begin PBXSourcesBuildPhase section */
		5664860024FFF80A00BFFBF8 /* Sources */ = {
			isa = PBXSourcesBuildPhase;
			buildActionMask = 2147483647;
			files = (
				5664860C24FFF80A00BFFBF8 /* ViewController.swift in Sources */,
				5664860824FFF80A00BFFBF8 /* AppDelegate.swift in Sources */,
				5664860A24FFF80A00BFFBF8 /* SceneDelegate.swift in Sources */,
			);
			runOnlyForDeploymentPostprocessing = 0;
		};
		5664861624FFF82100BFFBF8 /* Sources */ = {
			isa = PBXSourcesBuildPhase;
			buildActionMask = 2147483647;
			files = (
				5664861F24FFF82100BFFBF8 /* PasswordHackerTests.swift in Sources */,
			);
			runOnlyForDeploymentPostprocessing = 0;
		};
		5664862124FFF82100BFFBF8 /* Sources */ = {
			isa = PBXSourcesBuildPhase;
			buildActionMask = 2147483647;
			files = (
				5664862A24FFF82100BFFBF8 /* PasswordHackerUITests.swift in Sources */,
			);
			runOnlyForDeploymentPostprocessing = 0;
		};
/* End PBXSourcesBuildPhase section */

/* Begin PBXTargetDependency section */
		5664861C24FFF82100BFFBF8 /* PBXTargetDependency */ = {
			isa = PBXTargetDependency;
			target = 5664860324FFF80A00BFFBF8 /* PasswordHacker */;
			targetProxy = 5664861B24FFF82100BFFBF8 /* PBXContainerItemProxy */;
		};
		5664862724FFF82100BFFBF8 /* PBXTargetDependency */ = {
			isa = PBXTargetDependency;
			target = 5664860324FFF80A00BFFBF8 /* PasswordHacker */;
			targetProxy = 5664862624FFF82100BFFBF8 /* PBXContainerItemProxy */;
		};
/* End PBXTargetDependency section */

/* Begin PBXVariantGroup section */
		5664860D24FFF80A00BFFBF8 /* Main.storyboard */ = {
			isa = PBXVariantGroup;
			children = (
				5664860E24FFF80A00BFFBF8 /* Base */,
			);
			name = Main.storyboard;
			sourceTree = "<group>";
		};
		5664861224FFF82000BFFBF8 /* LaunchScreen.storyboard */ = {
			isa = PBXVariantGroup;
			children = (
				5664861324FFF82000BFFBF8 /* Base */,
			);
			name = LaunchScreen.storyboard;
			sourceTree = "<group>";
		};
/* End PBXVariantGroup section */

/* Begin XCBuildConfiguration section */
		5664862C24FFF82100BFFBF8 /* Debug */ = {
			isa = XCBuildConfiguration;
			buildSettings = {
				ALWAYS_SEARCH_USER_PATHS = NO;
				CLANG_ANALYZER_NONNULL = YES;
				CLANG_ANALYZER_NUMBER_OBJECT_CONVERSION = YES_AGGRESSIVE;
				CLANG_CXX_LANGUAGE_STANDARD = "gnu++14";
				CLANG_CXX_LIBRARY = "libc++";
				CLANG_ENABLE_MODULES = YES;
				CLANG_ENABLE_OBJC_ARC = YES;
				CLANG_ENABLE_OBJC_WEAK = YES;
				CLANG_WARN_BLOCK_CAPTURE_AUTORELEASING = YES;
				CLANG_WARN_BOOL_CONVERSION = YES;
				CLANG_WARN_COMMA = YES;
				CLANG_WARN_CONSTANT_CONVERSION = YES;
				CLANG_WARN_DEPRECATED_OBJC_IMPLEMENTATIONS = YES;
				CLANG_WARN_DIRECT_OBJC_ISA_USAGE = YES_ERROR;
				CLANG_WARN_DOCUMENTATION_COMMENTS = YES;
				CLANG_WARN_EMPTY_BODY = YES;
				CLANG_WARN_ENUM_CONVERSION = YES;
				CLANG_WARN_INFINITE_RECURSION = YES;
				CLANG_WARN_INT_CONVERSION = YES;
				CLANG_WARN_NON_LITERAL_NULL_CONVERSION = YES;
				CLANG_WARN_OBJC_IMPLICIT_RETAIN_SELF = YES;
				CLANG_WARN_OBJC_LITERAL_CONVERSION = YES;
				CLANG_WARN_OBJC_ROOT_CLASS = YES_ERROR;
				CLANG_WARN_RANGE_LOOP_ANALYSIS = YES;
				CLANG_WARN_STRICT_PROTOTYPES = YES;
				CLANG_WARN_SUSPICIOUS_MOVE = YES;
				CLANG_WARN_UNGUARDED_AVAILABILITY = YES_AGGRESSIVE;
				CLANG_WARN_UNREACHABLE_CODE = YES;
				CLANG_WARN__DUPLICATE_METHOD_MATCH = YES;
				COPY_PHASE_STRIP = NO;
				DEBUG_INFORMATION_FORMAT = dwarf;
				ENABLE_STRICT_OBJC_MSGSEND = YES;
				ENABLE_TESTABILITY = YES;
				GCC_C_LANGUAGE_STANDARD = gnu11;
				GCC_DYNAMIC_NO_PIC = NO;
				GCC_NO_COMMON_BLOCKS = YES;
				GCC_OPTIMIZATION_LEVEL = 0;
				GCC_PREPROCESSOR_DEFINITIONS = (
					"DEBUG=1",
					"$(inherited)",
				);
				GCC_WARN_64_TO_32_BIT_CONVERSION = YES;
				GCC_WARN_ABOUT_RETURN_TYPE = YES_ERROR;
				GCC_WARN_UNDECLARED_SELECTOR = YES;
				GCC_WARN_UNINITIALIZED_AUTOS = YES_AGGRESSIVE;
				GCC_WARN_UNUSED_FUNCTION = YES;
				GCC_WARN_UNUSED_VARIABLE = YES;
				IPHONEOS_DEPLOYMENT_TARGET = 13.6;
				MTL_ENABLE_DEBUG_INFO = INCLUDE_SOURCE;
				MTL_FAST_MATH = YES;
				ONLY_ACTIVE_ARCH = YES;
				SDKROOT = iphoneos;
				SWIFT_ACTIVE_COMPILATION_CONDITIONS = DEBUG;
				SWIFT_OPTIMIZATION_LEVEL = "-Onone";
			};
			name = Debug;
		};
		5664862D24FFF82100BFFBF8 /* Release */ = {
			isa = XCBuildConfiguration;
			buildSettings = {
				ALWAYS_SEARCH_USER_PATHS = NO;
				CLANG_ANALYZER_NONNULL = YES;
				CLANG_ANALYZER_NUMBER_OBJECT_CONVERSION = YES_AGGRESSIVE;
				CLANG_CXX_LANGUAGE_STANDARD = "gnu++14";
				CLANG_CXX_LIBRARY = "libc++";
				CLANG_ENABLE_MODULES = YES;
				CLANG_ENABLE_OBJC_ARC = YES;
				CLANG_ENABLE_OBJC_WEAK = YES;
				CLANG_WARN_BLOCK_CAPTURE_AUTORELEASING = YES;
				CLANG_WARN_BOOL_CONVERSION = YES;
				CLANG_WARN_COMMA = YES;
				CLANG_WARN_CONSTANT_CONVERSION = YES;
				CLANG_WARN_DEPRECATED_OBJC_IMPLEMENTATIONS = YES;
				CLANG_WARN_DIRECT_OBJC_ISA_USAGE = YES_ERROR;
				CLANG_WARN_DOCUMENTATION_COMMENTS = YES;
				CLANG_WARN_EMPTY_BODY = YES;
				CLANG_WARN_ENUM_CONVERSION = YES;
				CLANG_WARN_INFINITE_RECURSION = YES;
				CLANG_WARN_INT_CONVERSION = YES;
				CLANG_WARN_NON_LITERAL_NULL_CONVERSION = YES;
				CLANG_WARN_OBJC_IMPLICIT_RETAIN_SELF = YES;
				CLANG_WARN_OBJC_LITERAL_CONVERSION = YES;
				CLANG_WARN_OBJC_ROOT_CLASS = YES_ERROR;
				CLANG_WARN_RANGE_LOOP_ANALYSIS = YES;
				CLANG_WARN_STRICT_PROTOTYPES = YES;
				CLANG_WARN_SUSPICIOUS_MOVE = YES;
				CLANG_WARN_UNGUARDED_AVAILABILITY = YES_AGGRESSIVE;
				CLANG_WARN_UNREACHABLE_CODE = YES;
				CLANG_WARN__DUPLICATE_METHOD_MATCH = YES;
				COPY_PHASE_STRIP = NO;
				DEBUG_INFORMATION_FORMAT = "dwarf-with-dsym";
				ENABLE_NS_ASSERTIONS = NO;
				ENABLE_STRICT_OBJC_MSGSEND = YES;
				GCC_C_LANGUAGE_STANDARD = gnu11;
				GCC_NO_COMMON_BLOCKS = YES;
				GCC_WARN_64_TO_32_BIT_CONVERSION = YES;
				GCC_WARN_ABOUT_RETURN_TYPE = YES_ERROR;
				GCC_WARN_UNDECLARED_SELECTOR = YES;
				GCC_WARN_UNINITIALIZED_AUTOS = YES_AGGRESSIVE;
				GCC_WARN_UNUSED_FUNCTION = YES;
				GCC_WARN_UNUSED_VARIABLE = YES;
				IPHONEOS_DEPLOYMENT_TARGET = 13.6;
				MTL_ENABLE_DEBUG_INFO = NO;
				MTL_FAST_MATH = YES;
				SDKROOT = iphoneos;
				SWIFT_COMPILATION_MODE = wholemodule;
				SWIFT_OPTIMIZATION_LEVEL = "-O";
				VALIDATE_PRODUCT = YES;
			};
			name = Release;
		};
		5664862F24FFF82100BFFBF8 /* Debug */ = {
			isa = XCBuildConfiguration;
			buildSettings = {
				ASSETCATALOG_COMPILER_APPICON_NAME = AppIcon;
				CODE_SIGN_STYLE = Automatic;
				INFOPLIST_FILE = PasswordHacker/Info.plist;
				LD_RUNPATH_SEARCH_PATHS = (
					"$(inherited)",
					"@executable_path/Frameworks",
				);
				PRODUCT_BUNDLE_IDENTIFIER = com.example.someone.PasswordHacker;
				PRODUCT_NAME = "$(TARGET_NAME)";
				SWIFT_VERSION = 5.0;
				TARGETED_DEVICE_FAMILY = "1,2";
			};
			name = Debug;
		};
		5664863024FFF82100BFFBF8 /* Release */ = {
			isa = XCBuildConfiguration;
			buildSettings = {
				ASSETCATALOG_COMPILER_APPICON_NAME = AppIcon;
				CODE_SIGN_STYLE = Automatic;
				INFOPLIST_FILE = PasswordHacker/Info.plist;
				LD_RUNPATH_SEARCH_PATHS = (
					"$(inherited)",
					"@executable_path/Frameworks",
				);
				PRODUCT_BUNDLE_IDENTIFIER = com.example.someone.PasswordHacker;
				PRODUCT_NAME = "$(TARGET_NAME)";
				SWIFT_VERSION = 5.0;
				TARGETED_DEVICE_FAMILY = "1,2";
			};
			name = Release;
		};
		5664863224FFF82100BFFBF8 /* Debug */ = {
			isa = XCBuildConfiguration;
			buildSettings = {
				ALWAYS_EMBED_SWIFT_STANDARD_LIBRARIES = YES;
				BUNDLE_LOADER = "$(TEST_HOST)";
				CODE_SIGN_STYLE = Automatic;
				INFOPLIST_FILE = PasswordHackerTests/Info.plist;
				IPHONEOS_DEPLOYMENT_TARGET = 13.6;
				LD_RUNPATH_SEARCH_PATHS = (
					"$(inherited)",
					"@executable_path/Frameworks",
					"@loader_path/Frameworks",
				);
				PRODUCT_BUNDLE_IDENTIFIER = com.example.someone.PasswordHackerTests;
				PRODUCT_NAME = "$(TARGET_NAME)";
				SWIFT_VERSION = 5.0;
				TARGETED_DEVICE_FAMILY = "1,2";
				TEST_HOST = "$(BUILT_PRODUCTS_DIR)/PasswordHacker.app/PasswordHacker";
			};
			name = Debug;
		};
		5664863324FFF82100BFFBF8 /* Release */ = {
			isa = XCBuildConfiguration;
			buildSettings = {
				ALWAYS_EMBED_SWIFT_STANDARD_LIBRARIES = YES;
				BUNDLE_LOADER = "$(TEST_HOST)";
				CODE_SIGN_STYLE = Automatic;
				INFOPLIST_FILE = PasswordHackerTests/Info.plist;
				IPHONEOS_DEPLOYMENT_TARGET = 13.6;
				LD_RUNPATH_SEARCH_PATHS = (
					"$(inherited)",
					"@executable_path/Frameworks",
					"@loader_path/Frameworks",
				);
				PRODUCT_BUNDLE_IDENTIFIER = com.example.someone.PasswordHackerTests;
				PRODUCT_NAME = "$(TARGET_NAME)";
				SWIFT_VERSION = 5.0;
				TARGETED_DEVICE_FAMILY = "1,2";
				TEST_HOST = "$(BUILT_PRODUCTS_DIR)/PasswordHacker.app/PasswordHacker";
			};
			name = Release;
		};
		5664863524FFF82100BFFBF8 /* Debug */ = {
			isa = XCBuildConfiguration;
			buildSettings = {
				ALWAYS_EMBED_SWIFT_STANDARD_LIBRARIES = YES;
				CODE_SIGN_STYLE = Automatic;
				INFOPLIST_FILE = PasswordHackerUITests/Info.plist;
				LD_RUNPATH_SEARCH_PATHS = (
					"$(inherited)",
					"@executable_path/Frameworks",
					"@loader_path/Frameworks",
				);
				PRODUCT_BUNDLE_IDENTIFIER = com.example.someone.PasswordHackerUITests;
				PRODUCT_NAME = "$(TARGET_NAME)";
				SWIFT_VERSION = 5.0;
				TARGETED_DEVICE_FAMILY = "1,2";
				TEST_TARGET_NAME = PasswordHacker;
			};
			name = Debug;
		};
		5664863624FFF82100BFFBF8 /* Release */ = {
			isa = XCBuildConfiguration;
			buildSettings = {
				ALWAYS_EMBED_SWIFT_STANDARD_LIBRARIES = YES;
				CODE_SIGN_STYLE = Automatic;
				INFOPLIST_FILE = PasswordHackerUITests/Info.plist;
				LD_RUNPATH_SEARCH_PATHS = (
					"$(inherited)",
					"@executable_path/Frameworks",
					"@loader_path/Frameworks",
				);
				PRODUCT_BUNDLE_IDENTIFIER = com.example.someone.PasswordHackerUITests;
				PRODUCT_NAME = "$(TARGET_NAME)";
				SWIFT_VERSION = 5.0;
				TARGETED_DEVICE_FAMILY = "1,2";
				TEST_TARGET_NAME = PasswordHacker;
			};
			name = Release;
		};
/* End XCBuildConfiguration section */

/* Begin XCConfigurationList section */
		566485FF24FFF80A00BFFBF8 /* Build configuration list for PBXProject "PasswordHacker" */ = {
			isa = XCConfigurationList;
			buildConfigurations = (
				5664862C24FFF82100BFFBF8 /* Debug */,
				5664862D24FFF82100BFFBF8 /* Release */,
			);
			defaultConfigurationIsVisible = 0;
			defaultConfigurationName = Release;
		};
		5664862E24FFF82100BFFBF8 /* Build configuration list for PBXNativeTarget "PasswordHacker" */ = {
			isa = XCConfigurationList;
			buildConfigurations = (
				5664862F24FFF82100BFFBF8 /* Debug */,
				5664863024FFF82100BFFBF8 /* Release */,
			);
			defaultConfigurationIsVisible = 0;
			defaultConfigurationName = Release;
		};
		5664863124FFF82100BFFBF8 /* Build configuration list for PBXNativeTarget "PasswordHackerTests" */ = {
			isa = XCConfigurationList;
			buildConfigurations = (
				5664863224FFF82100BFFBF8 /* Debug */,
				5664863324FFF82100BFFBF8 /* Release */,
			);
			defaultConfigurationIsVisible = 0;
			defaultConfigurationName = Release;
		};
		5664863424FFF82100BFFBF8 /* Build configuration list for PBXNativeTarget "PasswordHackerUITests" */ = {
			isa = XCConfigurationList;
			buildConfigurations = (
				5664863524FFF82100BFFBF8 /* Debug */,
				5664863624FFF82100BFFBF8 /* Release */,
			);
			defaultConfigurationIsVisible = 0;
			defaultConfigurationName = Release;
		};
/* End XCConfigurationList section */
	};
	rootObject = 566485FC24FFF80A00BFFBF8 /* Project object */;
}
